
Microsoft Visual Studio Solution File, Format Version 11.00
# Visual Studio 2010
Project("{FAE04EC0-301F-11D3-BF4B-00C04F79EFBC}") = "Monetary Incentive Delay", "Assembly-CSharp.csproj", "{CE9F53F0-C996-1865-4C86-7F831314D60B}"
EndProject
Project("{FAE04EC0-301F-11D3-BF4B-00C04F79EFBC}") = "Monetary Incentive Delay", "Assembly-CSharp-Editor.csproj", "{647209ED-7BFE-EC01-69A3-C39773D97F48}"
EndProject
Global
	GlobalSection(SolutionConfigurationPlatforms) = preSolution
		Debug|Any CPU = Debug|Any CPU
		Release|Any CPU = Release|Any CPU
	EndGlobalSection
	GlobalSection(ProjectConfigurationPlatforms) = postSolution
		{CE9F53F0-C996-1865-4C86-7F831314D60B}.Debug|Any CPU.ActiveCfg = Debug|Any CPU
		{CE9F53F0-C996-1865-4C86-7F831314D60B}.Debug|Any CPU.Build.0 = Debug|Any CPU
		{CE9F53F0-C996-1865-4C86-7F831314D60B}.Release|Any CPU.ActiveCfg = Release|Any CPU
		{CE9F53F0-C996-1865-4C86-7F831314D60B}.Release|Any CPU.Build.0 = Release|Any CPU
		{647209ED-7BFE-EC01-69A3-C39773D97F48}.Debug|Any CPU.ActiveCfg = Debug|Any CPU
		{647209ED-7BFE-EC01-69A3-C39773D97F48}.Debug|Any CPU.Build.0 = Debug|Any CPU
		{647209ED-7BFE-EC01-69A3-C39773D97F48}.Release|Any CPU.ActiveCfg = Release|Any CPU
		{647209ED-7BFE-EC01-69A3-C39773D97F48}.Release|Any CPU.Build.0 = Release|Any CPU
	EndGlobalSection
	GlobalSection(SolutionProperties) = preSolution
		HideSolutionNode = FALSE
	EndGlobalSection
	GlobalSection(MonoDevelopProperties) = preSolution
		StartupItem = Assembly-CSharp.csproj
	EndGlobalSection
EndGlobal
