
Microsoft Visual Studio Solution File, Format Version 12.00
# Visual Studio 2017
Project("{FAE04EC0-301F-11D3-BF4B-00C04F79EFBC}") = "Monetary Test", "Monetary Test.csproj", "{A2BFF0A1-B76A-C42D-8297-2DCEEA9E8953}"
EndProject
Project("{FAE04EC0-301F-11D3-BF4B-00C04F79EFBC}") = "Monetary Test.Editor", "Monetary Test.Editor.csproj", "{E6615464-8761-E442-7B44-464B3D922CCA}"
EndProject
Global
	GlobalSection(SolutionConfigurationPlatforms) = preSolution
		Debug|Any CPU = Debug|Any CPU
		Release|Any CPU = Release|Any CPU
	EndGlobalSection
	GlobalSection(ProjectConfigurationPlatforms) = postSolution
		{A2BFF0A1-B76A-C42D-8297-2DCEEA9E8953}.Debug|Any CPU.ActiveCfg = Debug|Any CPU
		{A2BFF0A1-B76A-C42D-8297-2DCEEA9E8953}.Debug|Any CPU.Build.0 = Debug|Any CPU
		{A2BFF0A1-B76A-C42D-8297-2DCEEA9E8953}.Release|Any CPU.ActiveCfg = Release|Any CPU
		{A2BFF0A1-B76A-C42D-8297-2DCEEA9E8953}.Release|Any CPU.Build.0 = Release|Any CPU
		{E6615464-8761-E442-7B44-464B3D922CCA}.Debug|Any CPU.ActiveCfg = Debug|Any CPU
		{E6615464-8761-E442-7B44-464B3D922CCA}.Debug|Any CPU.Build.0 = Debug|Any CPU
		{E6615464-8761-E442-7B44-464B3D922CCA}.Release|Any CPU.ActiveCfg = Release|Any CPU
		{E6615464-8761-E442-7B44-464B3D922CCA}.Release|Any CPU.Build.0 = Release|Any CPU
	EndGlobalSection
	GlobalSection(SolutionProperties) = preSolution
		HideSolutionNode = FALSE
	EndGlobalSection
EndGlobal
